// !$*UTF8*$!
{
	archiveVersion = 1;
	classes = {
	};
	objectVersion = 50;
	objects = {

/* Begin PBXBuildFile section */
		C7C98DCD26A11E6B00D0B454 /* AppDelegate.swift in Sources */ = {isa = PBXBuildFile; fileRef = C7C98DCC26A11E6B00D0B454 /* AppDelegate.swift */; };
		C7C98DCF26A11E6B00D0B454 /* SceneDelegate.swift in Sources */ = {isa = PBXBuildFile; fileRef = C7C98DCE26A11E6B00D0B454 /* SceneDelegate.swift */; };
		C7C98DD126A11E6B00D0B454 /* ViewController.swift in Sources */ = {isa = PBXBuildFile; fileRef = C7C98DD026A11E6B00D0B454 /* ViewController.swift */; };
		C7C98DD426A11E6B00D0B454 /* Main.storyboard in Resources */ = {isa = PBXBuildFile; fileRef = C7C98DD226A11E6B00D0B454 /* Main.storyboard */; };
		C7C98DD626A11E6C00D0B454 /* Assets.xcassets in Resources */ = {isa = PBXBuildFile; fileRef = C7C98DD526A11E6C00D0B454 /* Assets.xcassets */; };
		C7C98DD926A11E6C00D0B454 /* LaunchScreen.storyboard in Resources */ = {isa = PBXBuildFile; fileRef = C7C98DD726A11E6C00D0B454 /* LaunchScreen.storyboard */; };
		C7C98DE126A1630300D0B454 /* Inceptionv3.mlmodel in Sources */ = {isa = PBXBuildFile; fileRef = C7C98DE026A1630300D0B454 /* Inceptionv3.mlmodel */; };
/* End PBXBuildFile section */

/* Begin PBXFileReference section */
		C7C98DC926A11E6B00D0B454 /* HotDogNorhotdog.app */ = {isa = PBXFileReference; explicitFileType = wrapper.application; includeInIndex = 0; path = HotDogNorhotdog.app; sourceTree = BUILT_PRODUCTS_DIR; };
		C7C98DCC26A11E6B00D0B454 /* AppDelegate.swift */ = {isa = PBXFileReference; lastKnownFileType = sourcecode.swift; path = AppDelegate.swift; sourceTree = "<group>"; };
		C7C98DCE26A11E6B00D0B454 /* SceneDelegate.swift */ = {isa = PBXFileReference; lastKnownFileType = sourcecode.swift; path = SceneDelegate.swift; sourceTree = "<group>"; };
		C7C98DD026A11E6B00D0B454 /* ViewController.swift */ = {isa = PBXFileReference; lastKnownFileType = sourcecode.swift; path = ViewController.swift; sourceTree = "<group>"; };
		C7C98DD326A11E6B00D0B454 /* Base */ = {isa = PBXFileReference; lastKnownFileType = file.storyboard; name = Base; path = Base.lproj/Main.storyboard; sourceTree = "<group>"; };
		C7C98DD526A11E6C00D0B454 /* Assets.xcassets */ = {isa = PBXFileReference; lastKnownFileType = folder.assetcatalog; path = Assets.xcassets; sourceTree = "<group>"; };
		C7C98DD826A11E6C00D0B454 /* Base */ = {isa = PBXFileReference; lastKnownFileType = file.storyboard; name = Base; path = Base.lproj/LaunchScreen.storyboard; sourceTree = "<group>"; };
		C7C98DDA26A11E6C00D0B454 /* Info.plist */ = {isa = PBXFileReference; lastKnownFileType = text.plist.xml; path = Info.plist; sourceTree = "<group>"; };
		C7C98DE026A1630300D0B454 /* Inceptionv3.mlmodel */ = {isa = PBXFileReference; lastKnownFileType = file.mlmodel; path = Inceptionv3.mlmodel; sourceTree = "<group>"; };
/* End PBXFileReference section */

/* Begin PBXFrameworksBuildPhase section */
		C7C98DC626A11E6B00D0B454 /* Frameworks */ = {
			isa = PBXFrameworksBuildPhase;
			buildActionMask = 2147483647;
			files = (
			);
			runOnlyForDeploymentPostprocessing = 0;
		};
/* End PBXFrameworksBuildPhase section */

/* Begin PBXGroup section */
		C7C98DC026A11E6B00D0B454 = {
			isa = PBXGroup;
			children = (
				C7C98DCB26A11E6B00D0B454 /* HotDogNorhotdog */,
				C7C98DCA26A11E6B00D0B454 /* Products */,
			);
			sourceTree = "<group>";
		};
		C7C98DCA26A11E6B00D0B454 /* Products */ = {
			isa = PBXGroup;
			children = (
				C7C98DC926A11E6B00D0B454 /* HotDogNorhotdog.app */,
			);
			name = Products;
			sourceTree = "<group>";
		};
		C7C98DCB26A11E6B00D0B454 /* HotDogNorhotdog */ = {
			isa = PBXGroup;
			children = (
				C7C98DCC26A11E6B00D0B454 /* AppDelegate.swift */,
				C7C98DCE26A11E6B00D0B454 /* SceneDelegate.swift */,
				C7C98DD026A11E6B00D0B454 /* ViewController.swift */,
				C7C98DD226A11E6B00D0B454 /* Main.storyboard */,
				C7C98DD526A11E6C00D0B454 /* Assets.xcassets */,
				C7C98DD726A11E6C00D0B454 /* LaunchScreen.storyboard */,
				C7C98DDA26A11E6C00D0B454 /* Info.plist */,
				C7C98DE026A1630300D0B454 /* Inceptionv3.mlmodel */,
			);
			path = HotDogNorhotdog;
			sourceTree = "<group>";
		};
/* End PBXGroup section */

/* Begin PBXNativeTarget section */
		C7C98DC826A11E6B00D0B454 /* HotDogNorhotdog */ = {
			isa = PBXNativeTarget;
			buildConfigurationList = C7C98DDD26A11E6C00D0B454 /* Build configuration list for PBXNativeTarget "HotDogNorhotdog" */;
			buildPhases = (
				C7C98DC526A11E6B00D0B454 /* Sources */,
				C7C98DC626A11E6B00D0B454 /* Frameworks */,
				C7C98DC726A11E6B00D0B454 /* Resources */,
			);
			buildRules = (
			);
			dependencies = (
			);
			name = HotDogNorhotdog;
			productName = HotDogNorhotdog;
			productReference = C7C98DC926A11E6B00D0B454 /* HotDogNorhotdog.app */;
			productType = "com.apple.product-type.application";
		};
/* End PBXNativeTarget section */

/* Begin PBXProject section */
		C7C98DC126A11E6B00D0B454 /* Project object */ = {
			isa = PBXProject;
			attributes = {
				LastSwiftUpdateCheck = 1250;
				LastUpgradeCheck = 1250;
				TargetAttributes = {
					C7C98DC826A11E6B00D0B454 = {
						CreatedOnToolsVersion = 12.5.1;
					};
				};
			};
			buildConfigurationList = C7C98DC426A11E6B00D0B454 /* Build configuration list for PBXProject "HotDogNorhotdog" */;
			compatibilityVersion = "Xcode 9.3";
			developmentRegion = en;
			hasScannedForEncodings = 0;
			knownRegions = (
				en,
				Base,
			);
			mainGroup = C7C98DC026A11E6B00D0B454;
			productRefGroup = C7C98DCA26A11E6B00D0B454 /* Products */;
			projectDirPath = "";
			projectRoot = "";
			targets = (
				C7C98DC826A11E6B00D0B454 /* HotDogNorhotdog */,
			);
		};
/* End PBXProject section */

/* Begin PBXResourcesBuildPhase section */
		C7C98DC726A11E6B00D0B454 /* Resources */ = {
			isa = PBXResourcesBuildPhase;
			buildActionMask = 2147483647;
			files = (
				C7C98DD926A11E6C00D0B454 /* LaunchScreen.storyboard in Resources */,
				C7C98DD626A11E6C00D0B454 /* Assets.xcassets in Resources */,
				C7C98DD426A11E6B00D0B454 /* Main.storyboard in Resources */,
			);
			runOnlyForDeploymentPostprocessing = 0;
		};
/* End PBXResourcesBuildPhase section */

/* Begin PBXSourcesBuildPhase section */
		C7C98DC526A11E6B00D0B454 /* Sources */ = {
			isa = PBXSourcesBuildPhase;
			buildActionMask = 2147483647;
			files = (
				C7C98DD126A11E6B00D0B454 /* ViewController.swift in Sources */,
				C7C98DE126A1630300D0B454 /* Inceptionv3.mlmodel in Sources */,
				C7C98DCD26A11E6B00D0B454 /* AppDelegate.swift in Sources */,
				C7C98DCF26A11E6B00D0B454 /* SceneDelegate.swift in Sources */,
			);
			runOnlyForDeploymentPostprocessing = 0;
		};
/* End PBXSourcesBuildPhase section */

/* Begin PBXVariantGroup section */
		C7C98DD226A11E6B00D0B454 /* Main.storyboard */ = {
			isa = PBXVariantGroup;
			children = (
				C7C98DD326A11E6B00D0B454 /* Base */,
			);
			name = Main.storyboard;
			sourceTree = "<group>";
		};
		C7C98DD726A11E6C00D0B454 /* LaunchScreen.storyboard */ = {
			isa = PBXVariantGroup;
			children = (
				C7C98DD826A11E6C00D0B454 /* Base */,
			);
			name = LaunchScreen.storyboard;
			sourceTree = "<group>";
		};
/* End PBXVariantGroup section */

/* Begin XCBuildConfiguration section */
		C7C98DDB26A11E6C00D0B454 /* Debug */ = {
			isa = XCBuildConfiguration;
			buildSettings = {
				ALWAYS_SEARCH_USER_PATHS = NO;
				CLANG_ANALYZER_NONNULL = YES;
				CLANG_ANALYZER_NUMBER_OBJECT_CONVERSION = YES_AGGRESSIVE;
				CLANG_CXX_LANGUAGE_STANDARD = "gnu++14";
				CLANG_CXX_LIBRARY = "libc++";
				CLANG_ENABLE_MODULES = YES;
				CLANG_ENABLE_OBJC_ARC = YES;
				CLANG_ENABLE_OBJC_WEAK = YES;
				CLANG_WARN_BLOCK_CAPTURE_AUTORELEASING = YES;
				CLANG_WARN_BOOL_CONVERSION = YES;
				CLANG_WARN_COMMA = YES;
				CLANG_WARN_CONSTANT_CONVERSION = YES;
				CLANG_WARN_DEPRECATED_OBJC_IMPLEMENTATIONS = YES;
				CLANG_WARN_DIRECT_OBJC_ISA_USAGE = YES_ERROR;
				CLANG_WARN_DOCUMENTATION_COMMENTS = YES;
				CLANG_WARN_EMPTY_BODY = YES;
				CLANG_WARN_ENUM_CONVERSION = YES;
				CLANG_WARN_INFINITE_RECURSION = YES;
				CLANG_WARN_INT_CONVERSION = YES;
				CLANG_WARN_NON_LITERAL_NULL_CONVERSION = YES;
				CLANG_WARN_OBJC_IMPLICIT_RETAIN_SELF = YES;
				CLANG_WARN_OBJC_LITERAL_CONVERSION = YES;
				CLANG_WARN_OBJC_ROOT_CLASS = YES_ERROR;
				CLANG_WARN_QUOTED_INCLUDE_IN_FRAMEWORK_HEADER = YES;
				CLANG_WARN_RANGE_LOOP_ANALYSIS = YES;
				CLANG_WARN_STRICT_PROTOTYPES = YES;
				CLANG_WARN_SUSPICIOUS_MOVE = YES;
				CLANG_WARN_UNGUARDED_AVAILABILITY = YES_AGGRESSIVE;
				CLANG_WARN_UNREACHABLE_CODE = YES;
				CLANG_WARN__DUPLICATE_METHOD_MATCH = YES;
				COPY_PHASE_STRIP = NO;
				DEBUG_INFORMATION_FORMAT = dwarf;
				ENABLE_STRICT_OBJC_MSGSEND = YES;
				ENABLE_TESTABILITY = YES;
				GCC_C_LANGUAGE_STANDARD = gnu11;
				GCC_DYNAMIC_NO_PIC = NO;
				GCC_NO_COMMON_BLOCKS = YES;
				GCC_OPTIMIZATION_LEVEL = 0;
				GCC_PREPROCESSOR_DEFINITIONS = (
					"DEBUG=1",
					"$(inherited)",
				);
				GCC_WARN_64_TO_32_BIT_CONVERSION = YES;
				GCC_WARN_ABOUT_RETURN_TYPE = YES_ERROR;
				GCC_WARN_UNDECLARED_SELECTOR = YES;
				GCC_WARN_UNINITIALIZED_AUTOS = YES_AGGRESSIVE;
				GCC_WARN_UNUSED_FUNCTION = YES;
				GCC_WARN_UNUSED_VARIABLE = YES;
				IPHONEOS_DEPLOYMENT_TARGET = 14.3;
				MTL_ENABLE_DEBUG_INFO = INCLUDE_SOURCE;
				MTL_FAST_MATH = YES;
				ONLY_ACTIVE_ARCH = YES;
				SDKROOT = iphoneos;
				SWIFT_ACTIVE_COMPILATION_CONDITIONS = DEBUG;
				SWIFT_OPTIMIZATION_LEVEL = "-Onone";
			};
			name = Debug;
		};
		C7C98DDC26A11E6C00D0B454 /* Release */ = {
			isa = XCBuildConfiguration;
			buildSettings = {
				ALWAYS_SEARCH_USER_PATHS = NO;
				CLANG_ANALYZER_NONNULL = YES;
				CLANG_ANALYZER_NUMBER_OBJECT_CONVERSION = YES_AGGRESSIVE;
				CLANG_CXX_LANGUAGE_STANDARD = "gnu++14";
				CLANG_CXX_LIBRARY = "libc++";
				CLANG_ENABLE_MODULES = YES;
				CLANG_ENABLE_OBJC_ARC = YES;
				CLANG_ENABLE_OBJC_WEAK = YES;
				CLANG_WARN_BLOCK_CAPTURE_AUTORELEASING = YES;
				CLANG_WARN_BOOL_CONVERSION = YES;
				CLANG_WARN_COMMA = YES;
				CLANG_WARN_CONSTANT_CONVERSION = YES;
				CLANG_WARN_DEPRECATED_OBJC_IMPLEMENTATIONS = YES;
				CLANG_WARN_DIRECT_OBJC_ISA_USAGE = YES_ERROR;
				CLANG_WARN_DOCUMENTATION_COMMENTS = YES;
				CLANG_WARN_EMPTY_BODY = YES;
				CLANG_WARN_ENUM_CONVERSION = YES;
				CLANG_WARN_INFINITE_RECURSION = YES;
				CLANG_WARN_INT_CONVERSION = YES;
				CLANG_WARN_NON_LITERAL_NULL_CONVERSION = YES;
				CLANG_WARN_OBJC_IMPLICIT_RETAIN_SELF = YES;
				CLANG_WARN_OBJC_LITERAL_CONVERSION = YES;
				CLANG_WARN_OBJC_ROOT_CLASS = YES_ERROR;
				CLANG_WARN_QUOTED_INCLUDE_IN_FRAMEWORK_HEADER = YES;
				CLANG_WARN_RANGE_LOOP_ANALYSIS = YES;
				CLANG_WARN_STRICT_PROTOTYPES = YES;
				CLANG_WARN_SUSPICIOUS_MOVE = YES;
				CLANG_WARN_UNGUARDED_AVAILABILITY = YES_AGGRESSIVE;
				CLANG_WARN_UNREACHABLE_CODE = YES;
				CLANG_WARN__DUPLICATE_METHOD_MATCH = YES;
				COPY_PHASE_STRIP = NO;
				DEBUG_INFORMATION_FORMAT = "dwarf-with-dsym";
				ENABLE_NS_ASSERTIONS = NO;
				ENABLE_STRICT_OBJC_MSGSEND = YES;
				GCC_C_LANGUAGE_STANDARD = gnu11;
				GCC_NO_COMMON_BLOCKS = YES;
				GCC_WARN_64_TO_32_BIT_CONVERSION = YES;
				GCC_WARN_ABOUT_RETURN_TYPE = YES_ERROR;
				GCC_WARN_UNDECLARED_SELECTOR = YES;
				GCC_WARN_UNINITIALIZED_AUTOS = YES_AGGRESSIVE;
				GCC_WARN_UNUSED_FUNCTION = YES;
				GCC_WARN_UNUSED_VARIABLE = YES;
				IPHONEOS_DEPLOYMENT_TARGET = 14.3;
				MTL_ENABLE_DEBUG_INFO = NO;
				MTL_FAST_MATH = YES;
				SDKROOT = iphoneos;
				SWIFT_COMPILATION_MODE = wholemodule;
				SWIFT_OPTIMIZATION_LEVEL = "-O";
				VALIDATE_PRODUCT = YES;
			};
			name = Release;
		};
		C7C98DDE26A11E6C00D0B454 /* Debug */ = {
			isa = XCBuildConfiguration;
			buildSettings = {
				ASSETCATALOG_COMPILER_APPICON_NAME = AppIcon;
				ASSETCATALOG_COMPILER_GLOBAL_ACCENT_COLOR_NAME = AccentColor;
				CODE_SIGN_STYLE = Automatic;
				DEVELOPMENT_TEAM = 2A366C4P54;
				INFOPLIST_FILE = HotDogNorhotdog/Info.plist;
				LD_RUNPATH_SEARCH_PATHS = (
					"$(inherited)",
					"@executable_path/Frameworks",
				);
				PRODUCT_BUNDLE_IDENTIFIER = com.bayusproject.HotDogNorhotdog;
				PRODUCT_NAME = "$(TARGET_NAME)";
				SWIFT_VERSION = 5.0;
				TARGETED_DEVICE_FAMILY = "1,2";
			};
			name = Debug;
		};
		C7C98DDF26A11E6C00D0B454 /* Release */ = {
			isa = XCBuildConfiguration;
			buildSettings = {
				ASSETCATALOG_COMPILER_APPICON_NAME = AppIcon;
				ASSETCATALOG_COMPILER_GLOBAL_ACCENT_COLOR_NAME = AccentColor;
				CODE_SIGN_STYLE = Automatic;
				DEVELOPMENT_TEAM = 2A366C4P54;
				INFOPLIST_FILE = HotDogNorhotdog/Info.plist;
				LD_RUNPATH_SEARCH_PATHS = (
					"$(inherited)",
					"@executable_path/Frameworks",
				);
				PRODUCT_BUNDLE_IDENTIFIER = com.bayusproject.HotDogNorhotdog;
				PRODUCT_NAME = "$(TARGET_NAME)";
				SWIFT_VERSION = 5.0;
				TARGETED_DEVICE_FAMILY = "1,2";
			};
			name = Release;
		};
/* End XCBuildConfiguration section */

/* Begin XCConfigurationList section */
		C7C98DC426A11E6B00D0B454 /* Build configuration list for PBXProject "HotDogNorhotdog" */ = {
			isa = XCConfigurationList;
			buildConfigurations = (
				C7C98DDB26A11E6C00D0B454 /* Debug */,
				C7C98DDC26A11E6C00D0B454 /* Release */,
			);
			defaultConfigurationIsVisible = 0;
			defaultConfigurationName = Release;
		};
		C7C98DDD26A11E6C00D0B454 /* Build configuration list for PBXNativeTarget "HotDogNorhotdog" */ = {
			isa = XCConfigurationList;
			buildConfigurations = (
				C7C98DDE26A11E6C00D0B454 /* Debug */,
				C7C98DDF26A11E6C00D0B454 /* Release */,
			);
			defaultConfigurationIsVisible = 0;
			defaultConfigurationName = Release;
		};
/* End XCConfigurationList section */
	};
	rootObject = C7C98DC126A11E6B00D0B454 /* Project object */;
}
